<?xml version="1.0" encoding="UTF-8" standalone="yes" ?>
<CodeBlocks_project_file>
	<FileVersion major="1" minor="6" />
	<Project>
		<Option title="synsm" />
		<Option pch_mode="2" />
		<Option compiler="gcc" />
		<Build>
			<Target title="Debug">
				<Option output="bin/Debug/synsm" prefix_auto="1" extension_auto="1" />
				<Option object_output="obj/Debug/" />
				<Option type="3" />
				<Option compiler="gcc" />
				<Option createDefFile="1" />
				<Option createStaticLib="1" />
				<Compiler>
					<Add option="-g" />
					<Add option="-DDEBUG" />
				</Compiler>
				<Environment>
					<Variable name="MOZJS_BUILD_FLDR" value="_DBG.OBJ" />
					<Variable name="MOZJS_SRC_DIR" value="../../../gecko-dev" />
				</Environment>
			</Target>
			<Target title="Release">
				<Option output="bin/Release/synsm" prefix_auto="1" extension_auto="1" />
				<Option object_output="obj/Release/" />
				<Option type="3" />
				<Option compiler="gcc" />
				<Option createDefFile="1" />
				<Option createStaticLib="1" />
				<Compiler>
					<Add option="-O2" />
				</Compiler>
				<Linker>
					<Add option="-s" />
				</Linker>
				<Environment>
					<Variable name="MOZJS_BUILD_FLDR" value="_OPT.OBJ" />
					<Variable name="MOZJS_SRC_DIR" value="../../../gecko-dev" />
				</Environment>
			</Target>
		</Build>
		<Compiler>
			<Add option="-Wunreachable-code" />
			<Add option="-Wall" />
			<Add option="-std=c++14" />
			<Add option="-fPIC" />
			<Add option="-m64" />
			<Add option="-Wc++11-compat" />
			<Add option="-Wempty-body" />
			<Add option="-Wignored-qualifiers" />
			<Add option="-Woverloaded-virtual" />
			<Add option="-Wpointer-arith" />
			<Add option="-Wsign-compare" />
			<Add option="-Wtype-limits" />
			<Add option="-Wwrite-strings" />
			<Add option="-Wno-invalid-offsetof" />
			<Add option="-Wc++14-compat" />
			<Add option="-Wc++1z-compat" />
			<Add option="-Wimplicit-fallthrough" />
			<Add option="-Wno-error=maybe-uninitialized" />
			<Add option="-Wno-error=deprecated-declarations" />
			<Add option="-Wno-error=array-bounds" />
			<Add option="-fno-lifetime-dse" />
			<Add option="-fno-rtti" />
			<Add option="-fno-exceptions" />
			<Add option="-fno-math-errno" />
			<Add option="-pthread" />
			<Add option="-pipe" />
			<Add directory="$$(MOZJS_SRC_DIR)/js/src/$$(MOZJS_BUILD_FLDR)/dist/include" />
			<Add directory="include" />
		</Compiler>
		<Linker>
			<Add option="-m64" />
			<Add option="--whole-file $$(MOZJS_SRC_DIR)/js/src/$$(MOZJS_BUILD_FLDR)/js/src/build/libjs_static.a --no-whole-file" />
			<Add option="$$(MOZJS_SRC_DIR)/js/src/$$(MOZJS_BUILD_FLDR)/memory/build/Unified_cpp_memory_build0.o" />
			<Add option="$$(MOZJS_SRC_DIR)/js/src/$$(MOZJS_BUILD_FLDR)/memory/mozalloc/mozalloc_abort.o" />
			<Add option="$$(MOZJS_SRC_DIR)/js/src/$$(MOZJS_BUILD_FLDR)/memory/mozalloc/Unified_cpp_memory_mozalloc0.o" />
			<Add option="$$(MOZJS_SRC_DIR)/js/src/$$(MOZJS_BUILD_FLDR)/mozglue/misc/AutoProfilerLabel.o" />
			<Add option="$$(MOZJS_SRC_DIR)/js/src/$$(MOZJS_BUILD_FLDR)/mozglue/misc/ConditionVariable_posix.o" />
			<Add option="$$(MOZJS_SRC_DIR)/js/src/$$(MOZJS_BUILD_FLDR)/mozglue/misc/Mutex_posix.o" />
			<Add option="$$(MOZJS_SRC_DIR)/js/src/$$(MOZJS_BUILD_FLDR)/mozglue/misc/Printf.o" />
			<Add option="$$(MOZJS_SRC_DIR)/js/src/$$(MOZJS_BUILD_FLDR)/mozglue/misc/StackWalk.o" />
			<Add option="$$(MOZJS_SRC_DIR)/js/src/$$(MOZJS_BUILD_FLDR)/mozglue/misc/TimeStamp.o" />
			<Add option="$$(MOZJS_SRC_DIR)/js/src/$$(MOZJS_BUILD_FLDR)/mozglue/misc/TimeStamp_posix.o" />
			<Add option="$$(MOZJS_SRC_DIR)/js/src/$$(MOZJS_BUILD_FLDR)/mfbt/lz4.o" />
			<Add option="$$(MOZJS_SRC_DIR)/js/src/$$(MOZJS_BUILD_FLDR)/mfbt/Compression.o" />
			<Add option="$$(MOZJS_SRC_DIR)/js/src/$$(MOZJS_BUILD_FLDR)/mfbt/Decimal.o" />
			<Add option="$$(MOZJS_SRC_DIR)/js/src/$$(MOZJS_BUILD_FLDR)/mfbt/Unified_cpp_mfbt0.o" />
			<Add option="$$(MOZJS_SRC_DIR)/js/src/$$(MOZJS_BUILD_FLDR)/mfbt/Unified_cpp_mfbt1.o" />
		</Linker>
		<Unit filename="include/synsm.h" />
		<Unit filename="synsm.cpp" />
		<Extensions>
			<code_completion />
			<debugger />
		</Extensions>
	</Project>
</CodeBlocks_project_file>
